// !$*UTF8*$!
{
	archiveVersion = 1;
	classes = {
	};
	objectVersion = 56;
	objects = {

/* Begin PBXBuildFile section */
<<<<<<< HEAD
		790DDA372A441E8000995D4F /* Feature2.swift in Sources */ = {isa = PBXBuildFile; fileRef = 790DDA362A441E8000995D4F /* Feature2.swift */; };
=======
		790DDA352A441E1000995D4F /* Feature1.swift in Sources */ = {isa = PBXBuildFile; fileRef = 790DDA342A441E1000995D4F /* Feature1.swift */; };
>>>>>>> 418840c (Class feature added)
		794C68072A32F2570029C601 /* AppDelegate.swift in Sources */ = {isa = PBXBuildFile; fileRef = 794C68062A32F2570029C601 /* AppDelegate.swift */; };
		794C68092A32F2570029C601 /* SceneDelegate.swift in Sources */ = {isa = PBXBuildFile; fileRef = 794C68082A32F2570029C601 /* SceneDelegate.swift */; };
		794C680B2A32F2570029C601 /* ProductViewController.swift in Sources */ = {isa = PBXBuildFile; fileRef = 794C680A2A32F2570029C601 /* ProductViewController.swift */; };
		794C680E2A32F2570029C601 /* Main.storyboard in Resources */ = {isa = PBXBuildFile; fileRef = 794C680C2A32F2570029C601 /* Main.storyboard */; };
		794C68102A32F2580029C601 /* Assets.xcassets in Resources */ = {isa = PBXBuildFile; fileRef = 794C680F2A32F2580029C601 /* Assets.xcassets */; };
		794C68132A32F2580029C601 /* LaunchScreen.storyboard in Resources */ = {isa = PBXBuildFile; fileRef = 794C68112A32F2580029C601 /* LaunchScreen.storyboard */; };
		794C681C2A32F2810029C601 /* Product.swift in Sources */ = {isa = PBXBuildFile; fileRef = 794C681B2A32F2810029C601 /* Product.swift */; };
		794C681E2A32F2900029C601 /* ProductViewModel.swift in Sources */ = {isa = PBXBuildFile; fileRef = 794C681D2A32F2900029C601 /* ProductViewModel.swift */; };
		794C682A2A330D760029C601 /* APIController.swift in Sources */ = {isa = PBXBuildFile; fileRef = 794C68292A330D760029C601 /* APIController.swift */; };
		794C682C2A330F020029C601 /* Constants.swift in Sources */ = {isa = PBXBuildFile; fileRef = 794C682B2A330F020029C601 /* Constants.swift */; };
		794C68302A33163B0029C601 /* ProductCell.swift in Sources */ = {isa = PBXBuildFile; fileRef = 794C682E2A33163B0029C601 /* ProductCell.swift */; };
		794C68312A33163B0029C601 /* ProductCell.xib in Resources */ = {isa = PBXBuildFile; fileRef = 794C682F2A33163B0029C601 /* ProductCell.xib */; };
		794C68342A332DA40029C601 /* Kingfisher in Frameworks */ = {isa = PBXBuildFile; productRef = 794C68332A332DA40029C601 /* Kingfisher */; };
		794C68362A332DC30029C601 /* UIImageView + Extension.swift in Sources */ = {isa = PBXBuildFile; fileRef = 794C68352A332DC30029C601 /* UIImageView + Extension.swift */; };
/* End PBXBuildFile section */

/* Begin PBXFileReference section */
<<<<<<< HEAD
		790DDA362A441E8000995D4F /* Feature2.swift */ = {isa = PBXFileReference; lastKnownFileType = sourcecode.swift; path = Feature2.swift; sourceTree = "<group>"; };
=======
		790DDA342A441E1000995D4F /* Feature1.swift */ = {isa = PBXFileReference; lastKnownFileType = sourcecode.swift; path = Feature1.swift; sourceTree = "<group>"; };
>>>>>>> 418840c (Class feature added)
		794C68032A32F2570029C601 /* MVVM_Demo.app */ = {isa = PBXFileReference; explicitFileType = wrapper.application; includeInIndex = 0; path = MVVM_Demo.app; sourceTree = BUILT_PRODUCTS_DIR; };
		794C68062A32F2570029C601 /* AppDelegate.swift */ = {isa = PBXFileReference; lastKnownFileType = sourcecode.swift; path = AppDelegate.swift; sourceTree = "<group>"; };
		794C68082A32F2570029C601 /* SceneDelegate.swift */ = {isa = PBXFileReference; lastKnownFileType = sourcecode.swift; path = SceneDelegate.swift; sourceTree = "<group>"; };
		794C680A2A32F2570029C601 /* ProductViewController.swift */ = {isa = PBXFileReference; lastKnownFileType = sourcecode.swift; path = ProductViewController.swift; sourceTree = "<group>"; };
		794C680D2A32F2570029C601 /* Base */ = {isa = PBXFileReference; lastKnownFileType = file.storyboard; name = Base; path = Base.lproj/Main.storyboard; sourceTree = "<group>"; };
		794C680F2A32F2580029C601 /* Assets.xcassets */ = {isa = PBXFileReference; lastKnownFileType = folder.assetcatalog; path = Assets.xcassets; sourceTree = "<group>"; };
		794C68122A32F2580029C601 /* Base */ = {isa = PBXFileReference; lastKnownFileType = file.storyboard; name = Base; path = Base.lproj/LaunchScreen.storyboard; sourceTree = "<group>"; };
		794C68142A32F2580029C601 /* Info.plist */ = {isa = PBXFileReference; lastKnownFileType = text.plist.xml; path = Info.plist; sourceTree = "<group>"; };
		794C681B2A32F2810029C601 /* Product.swift */ = {isa = PBXFileReference; lastKnownFileType = sourcecode.swift; path = Product.swift; sourceTree = "<group>"; };
		794C681D2A32F2900029C601 /* ProductViewModel.swift */ = {isa = PBXFileReference; lastKnownFileType = sourcecode.swift; path = ProductViewModel.swift; sourceTree = "<group>"; };
		794C68292A330D760029C601 /* APIController.swift */ = {isa = PBXFileReference; lastKnownFileType = sourcecode.swift; path = APIController.swift; sourceTree = "<group>"; };
		794C682B2A330F020029C601 /* Constants.swift */ = {isa = PBXFileReference; lastKnownFileType = sourcecode.swift; path = Constants.swift; sourceTree = "<group>"; };
		794C682E2A33163B0029C601 /* ProductCell.swift */ = {isa = PBXFileReference; lastKnownFileType = sourcecode.swift; path = ProductCell.swift; sourceTree = "<group>"; };
		794C682F2A33163B0029C601 /* ProductCell.xib */ = {isa = PBXFileReference; lastKnownFileType = file.xib; path = ProductCell.xib; sourceTree = "<group>"; };
		794C68352A332DC30029C601 /* UIImageView + Extension.swift */ = {isa = PBXFileReference; lastKnownFileType = sourcecode.swift; path = "UIImageView + Extension.swift"; sourceTree = "<group>"; };
/* End PBXFileReference section */

/* Begin PBXFrameworksBuildPhase section */
		794C68002A32F2570029C601 /* Frameworks */ = {
			isa = PBXFrameworksBuildPhase;
			buildActionMask = 2147483647;
			files = (
				794C68342A332DA40029C601 /* Kingfisher in Frameworks */,
			);
			runOnlyForDeploymentPostprocessing = 0;
		};
/* End PBXFrameworksBuildPhase section */

/* Begin PBXGroup section */
		794C67FA2A32F2570029C601 = {
			isa = PBXGroup;
			children = (
				794C68052A32F2570029C601 /* MVVM_Demo */,
				794C68042A32F2570029C601 /* Products */,
			);
			sourceTree = "<group>";
		};
		794C68042A32F2570029C601 /* Products */ = {
			isa = PBXGroup;
			children = (
				794C68032A32F2570029C601 /* MVVM_Demo.app */,
			);
			name = Products;
			sourceTree = "<group>";
		};
		794C68052A32F2570029C601 /* MVVM_Demo */ = {
			isa = PBXGroup;
			children = (
				794C68212A330C940029C601 /* Application */,
				794C68242A330C9A0029C601 /* Constants */,
				794C68232A330C980029C601 /* Extensions */,
				794C68222A330C960029C601 /* Helpers */,
				794C681A2A32F2670029C601 /* MVVM */,
				794C68202A330C920029C601 /* Storyboard */,
				794C681F2A330C900029C601 /* Resources */,
				794C68142A32F2580029C601 /* Info.plist */,
<<<<<<< HEAD
				790DDA362A441E8000995D4F /* Feature2.swift */,
=======
				790DDA342A441E1000995D4F /* Feature1.swift */,
>>>>>>> 418840c (Class feature added)
			);
			path = MVVM_Demo;
			sourceTree = "<group>";
		};
		794C681A2A32F2670029C601 /* MVVM */ = {
			isa = PBXGroup;
			children = (
				794C68252A330CF80029C601 /* Product */,
			);
			path = MVVM;
			sourceTree = "<group>";
		};
		794C681F2A330C900029C601 /* Resources */ = {
			isa = PBXGroup;
			children = (
				794C680F2A32F2580029C601 /* Assets.xcassets */,
			);
			path = Resources;
			sourceTree = "<group>";
		};
		794C68202A330C920029C601 /* Storyboard */ = {
			isa = PBXGroup;
			children = (
				794C680C2A32F2570029C601 /* Main.storyboard */,
				794C68112A32F2580029C601 /* LaunchScreen.storyboard */,
			);
			path = Storyboard;
			sourceTree = "<group>";
		};
		794C68212A330C940029C601 /* Application */ = {
			isa = PBXGroup;
			children = (
				794C68062A32F2570029C601 /* AppDelegate.swift */,
				794C68082A32F2570029C601 /* SceneDelegate.swift */,
			);
			path = Application;
			sourceTree = "<group>";
		};
		794C68222A330C960029C601 /* Helpers */ = {
			isa = PBXGroup;
			children = (
				794C68292A330D760029C601 /* APIController.swift */,
			);
			path = Helpers;
			sourceTree = "<group>";
		};
		794C68232A330C980029C601 /* Extensions */ = {
			isa = PBXGroup;
			children = (
				794C68352A332DC30029C601 /* UIImageView + Extension.swift */,
			);
			path = Extensions;
			sourceTree = "<group>";
		};
		794C68242A330C9A0029C601 /* Constants */ = {
			isa = PBXGroup;
			children = (
				794C682B2A330F020029C601 /* Constants.swift */,
			);
			path = Constants;
			sourceTree = "<group>";
		};
		794C68252A330CF80029C601 /* Product */ = {
			isa = PBXGroup;
			children = (
				794C68282A330D0B0029C601 /* Model */,
				794C68262A330D060029C601 /* View */,
				794C68272A330D080029C601 /* ViewModel */,
			);
			path = Product;
			sourceTree = "<group>";
		};
		794C68262A330D060029C601 /* View */ = {
			isa = PBXGroup;
			children = (
				794C682D2A3316270029C601 /* ProductCell */,
				794C680A2A32F2570029C601 /* ProductViewController.swift */,
			);
			path = View;
			sourceTree = "<group>";
		};
		794C68272A330D080029C601 /* ViewModel */ = {
			isa = PBXGroup;
			children = (
				794C681D2A32F2900029C601 /* ProductViewModel.swift */,
			);
			path = ViewModel;
			sourceTree = "<group>";
		};
		794C68282A330D0B0029C601 /* Model */ = {
			isa = PBXGroup;
			children = (
				794C681B2A32F2810029C601 /* Product.swift */,
			);
			path = Model;
			sourceTree = "<group>";
		};
		794C682D2A3316270029C601 /* ProductCell */ = {
			isa = PBXGroup;
			children = (
				794C682E2A33163B0029C601 /* ProductCell.swift */,
				794C682F2A33163B0029C601 /* ProductCell.xib */,
			);
			path = ProductCell;
			sourceTree = "<group>";
		};
/* End PBXGroup section */

/* Begin PBXNativeTarget section */
		794C68022A32F2570029C601 /* MVVM_Demo */ = {
			isa = PBXNativeTarget;
			buildConfigurationList = 794C68172A32F2580029C601 /* Build configuration list for PBXNativeTarget "MVVM_Demo" */;
			buildPhases = (
				794C67FF2A32F2570029C601 /* Sources */,
				794C68002A32F2570029C601 /* Frameworks */,
				794C68012A32F2570029C601 /* Resources */,
			);
			buildRules = (
			);
			dependencies = (
			);
			name = MVVM_Demo;
			packageProductDependencies = (
				794C68332A332DA40029C601 /* Kingfisher */,
			);
			productName = MVVM_Demo;
			productReference = 794C68032A32F2570029C601 /* MVVM_Demo.app */;
			productType = "com.apple.product-type.application";
		};
/* End PBXNativeTarget section */

/* Begin PBXProject section */
		794C67FB2A32F2570029C601 /* Project object */ = {
			isa = PBXProject;
			attributes = {
				BuildIndependentTargetsInParallel = 1;
				LastSwiftUpdateCheck = 1420;
				LastUpgradeCheck = 1420;
				TargetAttributes = {
					794C68022A32F2570029C601 = {
						CreatedOnToolsVersion = 14.2;
					};
				};
			};
			buildConfigurationList = 794C67FE2A32F2570029C601 /* Build configuration list for PBXProject "MVVM_Demo" */;
			compatibilityVersion = "Xcode 14.0";
			developmentRegion = en;
			hasScannedForEncodings = 0;
			knownRegions = (
				en,
				Base,
			);
			mainGroup = 794C67FA2A32F2570029C601;
			packageReferences = (
				794C68322A332DA40029C601 /* XCRemoteSwiftPackageReference "Kingfisher" */,
			);
			productRefGroup = 794C68042A32F2570029C601 /* Products */;
			projectDirPath = "";
			projectRoot = "";
			targets = (
				794C68022A32F2570029C601 /* MVVM_Demo */,
			);
		};
/* End PBXProject section */

/* Begin PBXResourcesBuildPhase section */
		794C68012A32F2570029C601 /* Resources */ = {
			isa = PBXResourcesBuildPhase;
			buildActionMask = 2147483647;
			files = (
				794C68132A32F2580029C601 /* LaunchScreen.storyboard in Resources */,
				794C68312A33163B0029C601 /* ProductCell.xib in Resources */,
				794C68102A32F2580029C601 /* Assets.xcassets in Resources */,
				794C680E2A32F2570029C601 /* Main.storyboard in Resources */,
			);
			runOnlyForDeploymentPostprocessing = 0;
		};
/* End PBXResourcesBuildPhase section */

/* Begin PBXSourcesBuildPhase section */
		794C67FF2A32F2570029C601 /* Sources */ = {
			isa = PBXSourcesBuildPhase;
			buildActionMask = 2147483647;
			files = (
				794C68362A332DC30029C601 /* UIImageView + Extension.swift in Sources */,
				794C681E2A32F2900029C601 /* ProductViewModel.swift in Sources */,
				794C680B2A32F2570029C601 /* ProductViewController.swift in Sources */,
				794C682A2A330D760029C601 /* APIController.swift in Sources */,
				790DDA352A441E1000995D4F /* Feature1.swift in Sources */,
				794C68072A32F2570029C601 /* AppDelegate.swift in Sources */,
				794C682C2A330F020029C601 /* Constants.swift in Sources */,
				794C68302A33163B0029C601 /* ProductCell.swift in Sources */,
				794C68092A32F2570029C601 /* SceneDelegate.swift in Sources */,
				794C681C2A32F2810029C601 /* Product.swift in Sources */,
				790DDA372A441E8000995D4F /* Feature2.swift in Sources */,
			);
			runOnlyForDeploymentPostprocessing = 0;
		};
/* End PBXSourcesBuildPhase section */

/* Begin PBXVariantGroup section */
		794C680C2A32F2570029C601 /* Main.storyboard */ = {
			isa = PBXVariantGroup;
			children = (
				794C680D2A32F2570029C601 /* Base */,
			);
			name = Main.storyboard;
			sourceTree = "<group>";
		};
		794C68112A32F2580029C601 /* LaunchScreen.storyboard */ = {
			isa = PBXVariantGroup;
			children = (
				794C68122A32F2580029C601 /* Base */,
			);
			name = LaunchScreen.storyboard;
			sourceTree = "<group>";
		};
/* End PBXVariantGroup section */

/* Begin XCBuildConfiguration section */
		794C68152A32F2580029C601 /* Debug */ = {
			isa = XCBuildConfiguration;
			buildSettings = {
				ALWAYS_SEARCH_USER_PATHS = NO;
				CLANG_ANALYZER_NONNULL = YES;
				CLANG_ANALYZER_NUMBER_OBJECT_CONVERSION = YES_AGGRESSIVE;
				CLANG_CXX_LANGUAGE_STANDARD = "gnu++20";
				CLANG_ENABLE_MODULES = YES;
				CLANG_ENABLE_OBJC_ARC = YES;
				CLANG_ENABLE_OBJC_WEAK = YES;
				CLANG_WARN_BLOCK_CAPTURE_AUTORELEASING = YES;
				CLANG_WARN_BOOL_CONVERSION = YES;
				CLANG_WARN_COMMA = YES;
				CLANG_WARN_CONSTANT_CONVERSION = YES;
				CLANG_WARN_DEPRECATED_OBJC_IMPLEMENTATIONS = YES;
				CLANG_WARN_DIRECT_OBJC_ISA_USAGE = YES_ERROR;
				CLANG_WARN_DOCUMENTATION_COMMENTS = YES;
				CLANG_WARN_EMPTY_BODY = YES;
				CLANG_WARN_ENUM_CONVERSION = YES;
				CLANG_WARN_INFINITE_RECURSION = YES;
				CLANG_WARN_INT_CONVERSION = YES;
				CLANG_WARN_NON_LITERAL_NULL_CONVERSION = YES;
				CLANG_WARN_OBJC_IMPLICIT_RETAIN_SELF = YES;
				CLANG_WARN_OBJC_LITERAL_CONVERSION = YES;
				CLANG_WARN_OBJC_ROOT_CLASS = YES_ERROR;
				CLANG_WARN_QUOTED_INCLUDE_IN_FRAMEWORK_HEADER = YES;
				CLANG_WARN_RANGE_LOOP_ANALYSIS = YES;
				CLANG_WARN_STRICT_PROTOTYPES = YES;
				CLANG_WARN_SUSPICIOUS_MOVE = YES;
				CLANG_WARN_UNGUARDED_AVAILABILITY = YES_AGGRESSIVE;
				CLANG_WARN_UNREACHABLE_CODE = YES;
				CLANG_WARN__DUPLICATE_METHOD_MATCH = YES;
				COPY_PHASE_STRIP = NO;
				DEBUG_INFORMATION_FORMAT = dwarf;
				ENABLE_STRICT_OBJC_MSGSEND = YES;
				ENABLE_TESTABILITY = YES;
				GCC_C_LANGUAGE_STANDARD = gnu11;
				GCC_DYNAMIC_NO_PIC = NO;
				GCC_NO_COMMON_BLOCKS = YES;
				GCC_OPTIMIZATION_LEVEL = 0;
				GCC_PREPROCESSOR_DEFINITIONS = (
					"DEBUG=1",
					"$(inherited)",
				);
				GCC_WARN_64_TO_32_BIT_CONVERSION = YES;
				GCC_WARN_ABOUT_RETURN_TYPE = YES_ERROR;
				GCC_WARN_UNDECLARED_SELECTOR = YES;
				GCC_WARN_UNINITIALIZED_AUTOS = YES_AGGRESSIVE;
				GCC_WARN_UNUSED_FUNCTION = YES;
				GCC_WARN_UNUSED_VARIABLE = YES;
				IPHONEOS_DEPLOYMENT_TARGET = 16.2;
				MTL_ENABLE_DEBUG_INFO = INCLUDE_SOURCE;
				MTL_FAST_MATH = YES;
				ONLY_ACTIVE_ARCH = YES;
				SDKROOT = iphoneos;
				SWIFT_ACTIVE_COMPILATION_CONDITIONS = DEBUG;
				SWIFT_OPTIMIZATION_LEVEL = "-Onone";
			};
			name = Debug;
		};
		794C68162A32F2580029C601 /* Release */ = {
			isa = XCBuildConfiguration;
			buildSettings = {
				ALWAYS_SEARCH_USER_PATHS = NO;
				CLANG_ANALYZER_NONNULL = YES;
				CLANG_ANALYZER_NUMBER_OBJECT_CONVERSION = YES_AGGRESSIVE;
				CLANG_CXX_LANGUAGE_STANDARD = "gnu++20";
				CLANG_ENABLE_MODULES = YES;
				CLANG_ENABLE_OBJC_ARC = YES;
				CLANG_ENABLE_OBJC_WEAK = YES;
				CLANG_WARN_BLOCK_CAPTURE_AUTORELEASING = YES;
				CLANG_WARN_BOOL_CONVERSION = YES;
				CLANG_WARN_COMMA = YES;
				CLANG_WARN_CONSTANT_CONVERSION = YES;
				CLANG_WARN_DEPRECATED_OBJC_IMPLEMENTATIONS = YES;
				CLANG_WARN_DIRECT_OBJC_ISA_USAGE = YES_ERROR;
				CLANG_WARN_DOCUMENTATION_COMMENTS = YES;
				CLANG_WARN_EMPTY_BODY = YES;
				CLANG_WARN_ENUM_CONVERSION = YES;
				CLANG_WARN_INFINITE_RECURSION = YES;
				CLANG_WARN_INT_CONVERSION = YES;
				CLANG_WARN_NON_LITERAL_NULL_CONVERSION = YES;
				CLANG_WARN_OBJC_IMPLICIT_RETAIN_SELF = YES;
				CLANG_WARN_OBJC_LITERAL_CONVERSION = YES;
				CLANG_WARN_OBJC_ROOT_CLASS = YES_ERROR;
				CLANG_WARN_QUOTED_INCLUDE_IN_FRAMEWORK_HEADER = YES;
				CLANG_WARN_RANGE_LOOP_ANALYSIS = YES;
				CLANG_WARN_STRICT_PROTOTYPES = YES;
				CLANG_WARN_SUSPICIOUS_MOVE = YES;
				CLANG_WARN_UNGUARDED_AVAILABILITY = YES_AGGRESSIVE;
				CLANG_WARN_UNREACHABLE_CODE = YES;
				CLANG_WARN__DUPLICATE_METHOD_MATCH = YES;
				COPY_PHASE_STRIP = NO;
				DEBUG_INFORMATION_FORMAT = "dwarf-with-dsym";
				ENABLE_NS_ASSERTIONS = NO;
				ENABLE_STRICT_OBJC_MSGSEND = YES;
				GCC_C_LANGUAGE_STANDARD = gnu11;
				GCC_NO_COMMON_BLOCKS = YES;
				GCC_WARN_64_TO_32_BIT_CONVERSION = YES;
				GCC_WARN_ABOUT_RETURN_TYPE = YES_ERROR;
				GCC_WARN_UNDECLARED_SELECTOR = YES;
				GCC_WARN_UNINITIALIZED_AUTOS = YES_AGGRESSIVE;
				GCC_WARN_UNUSED_FUNCTION = YES;
				GCC_WARN_UNUSED_VARIABLE = YES;
				IPHONEOS_DEPLOYMENT_TARGET = 16.2;
				MTL_ENABLE_DEBUG_INFO = NO;
				MTL_FAST_MATH = YES;
				SDKROOT = iphoneos;
				SWIFT_COMPILATION_MODE = wholemodule;
				SWIFT_OPTIMIZATION_LEVEL = "-O";
				VALIDATE_PRODUCT = YES;
			};
			name = Release;
		};
		794C68182A32F2580029C601 /* Debug */ = {
			isa = XCBuildConfiguration;
			buildSettings = {
				ASSETCATALOG_COMPILER_APPICON_NAME = AppIcon;
				ASSETCATALOG_COMPILER_GLOBAL_ACCENT_COLOR_NAME = AccentColor;
				CODE_SIGN_STYLE = Automatic;
				CURRENT_PROJECT_VERSION = 1;
				DEVELOPMENT_TEAM = WBU8WF72N8;
				GENERATE_INFOPLIST_FILE = YES;
				INFOPLIST_FILE = MVVM_Demo/Info.plist;
				INFOPLIST_KEY_UIApplicationSupportsIndirectInputEvents = YES;
				INFOPLIST_KEY_UILaunchStoryboardName = LaunchScreen;
				INFOPLIST_KEY_UIMainStoryboardFile = Main;
				INFOPLIST_KEY_UISupportedInterfaceOrientations_iPad = "UIInterfaceOrientationPortrait UIInterfaceOrientationPortraitUpsideDown UIInterfaceOrientationLandscapeLeft UIInterfaceOrientationLandscapeRight";
				INFOPLIST_KEY_UISupportedInterfaceOrientations_iPhone = "UIInterfaceOrientationPortrait UIInterfaceOrientationLandscapeLeft UIInterfaceOrientationLandscapeRight";
				LD_RUNPATH_SEARCH_PATHS = (
					"$(inherited)",
					"@executable_path/Frameworks",
				);
				MARKETING_VERSION = 1.0;
				PRODUCT_BUNDLE_IDENTIFIER = "com.touseef.MVVM-Demo";
				PRODUCT_NAME = "$(TARGET_NAME)";
				SWIFT_EMIT_LOC_STRINGS = YES;
				SWIFT_VERSION = 5.0;
				TARGETED_DEVICE_FAMILY = "1,2";
			};
			name = Debug;
		};
		794C68192A32F2580029C601 /* Release */ = {
			isa = XCBuildConfiguration;
			buildSettings = {
				ASSETCATALOG_COMPILER_APPICON_NAME = AppIcon;
				ASSETCATALOG_COMPILER_GLOBAL_ACCENT_COLOR_NAME = AccentColor;
				CODE_SIGN_STYLE = Automatic;
				CURRENT_PROJECT_VERSION = 1;
				DEVELOPMENT_TEAM = WBU8WF72N8;
				GENERATE_INFOPLIST_FILE = YES;
				INFOPLIST_FILE = MVVM_Demo/Info.plist;
				INFOPLIST_KEY_UIApplicationSupportsIndirectInputEvents = YES;
				INFOPLIST_KEY_UILaunchStoryboardName = LaunchScreen;
				INFOPLIST_KEY_UIMainStoryboardFile = Main;
				INFOPLIST_KEY_UISupportedInterfaceOrientations_iPad = "UIInterfaceOrientationPortrait UIInterfaceOrientationPortraitUpsideDown UIInterfaceOrientationLandscapeLeft UIInterfaceOrientationLandscapeRight";
				INFOPLIST_KEY_UISupportedInterfaceOrientations_iPhone = "UIInterfaceOrientationPortrait UIInterfaceOrientationLandscapeLeft UIInterfaceOrientationLandscapeRight";
				LD_RUNPATH_SEARCH_PATHS = (
					"$(inherited)",
					"@executable_path/Frameworks",
				);
				MARKETING_VERSION = 1.0;
				PRODUCT_BUNDLE_IDENTIFIER = "com.touseef.MVVM-Demo";
				PRODUCT_NAME = "$(TARGET_NAME)";
				SWIFT_EMIT_LOC_STRINGS = YES;
				SWIFT_VERSION = 5.0;
				TARGETED_DEVICE_FAMILY = "1,2";
			};
			name = Release;
		};
/* End XCBuildConfiguration section */

/* Begin XCConfigurationList section */
		794C67FE2A32F2570029C601 /* Build configuration list for PBXProject "MVVM_Demo" */ = {
			isa = XCConfigurationList;
			buildConfigurations = (
				794C68152A32F2580029C601 /* Debug */,
				794C68162A32F2580029C601 /* Release */,
			);
			defaultConfigurationIsVisible = 0;
			defaultConfigurationName = Release;
		};
		794C68172A32F2580029C601 /* Build configuration list for PBXNativeTarget "MVVM_Demo" */ = {
			isa = XCConfigurationList;
			buildConfigurations = (
				794C68182A32F2580029C601 /* Debug */,
				794C68192A32F2580029C601 /* Release */,
			);
			defaultConfigurationIsVisible = 0;
			defaultConfigurationName = Release;
		};
/* End XCConfigurationList section */

/* Begin XCRemoteSwiftPackageReference section */
		794C68322A332DA40029C601 /* XCRemoteSwiftPackageReference "Kingfisher" */ = {
			isa = XCRemoteSwiftPackageReference;
			repositoryURL = "https://github.com/onevcat/Kingfisher.git";
			requirement = {
				kind = upToNextMajorVersion;
				minimumVersion = 7.0.0;
			};
		};
/* End XCRemoteSwiftPackageReference section */

/* Begin XCSwiftPackageProductDependency section */
		794C68332A332DA40029C601 /* Kingfisher */ = {
			isa = XCSwiftPackageProductDependency;
			package = 794C68322A332DA40029C601 /* XCRemoteSwiftPackageReference "Kingfisher" */;
			productName = Kingfisher;
		};
/* End XCSwiftPackageProductDependency section */
	};
	rootObject = 794C67FB2A32F2570029C601 /* Project object */;
}
